
Microsoft Visual Studio Solution File, Format Version 12.00
# Visual Studio Version 16
VisualStudioVersion = 16.0.32802.440
MinimumVisualStudioVersion = 10.0.40219.1
Project("{8BC9CEB8-8B4A-11D0-8D11-00A0C91BC942}") = "lab5partB", "lab5partB\lab5partB.vcxproj", "{FBD07CBA-6B8A-40DA-8646-9C822D534D76}"
EndProject
Global
	GlobalSection(SolutionConfigurationPlatforms) = preSolution
		Debug|x64 = Debug|x64
		Debug|x86 = Debug|x86
		Release|x64 = Release|x64
		Release|x86 = Release|x86
	EndGlobalSection
	GlobalSection(ProjectConfigurationPlatforms) = postSolution
		{FBD07CBA-6B8A-40DA-8646-9C822D534D76}.Debug|x64.ActiveCfg = Debug|x64
		{FBD07CBA-6B8A-40DA-8646-9C822D534D76}.Debug|x64.Build.0 = Debug|x64
		{FBD07CBA-6B8A-40DA-8646-9C822D534D76}.Debug|x86.ActiveCfg = Debug|Win32
		{FBD07CBA-6B8A-40DA-8646-9C822D534D76}.Debug|x86.Build.0 = Debug|Win32
		{FBD07CBA-6B8A-40DA-8646-9C822D534D76}.Release|x64.ActiveCfg = Release|x64
		{FBD07CBA-6B8A-40DA-8646-9C822D534D76}.Release|x64.Build.0 = Release|x64
		{FBD07CBA-6B8A-40DA-8646-9C822D534D76}.Release|x86.ActiveCfg = Release|Win32
		{FBD07CBA-6B8A-40DA-8646-9C822D534D76}.Release|x86.Build.0 = Release|Win32
	EndGlobalSection
	GlobalSection(SolutionProperties) = preSolution
		HideSolutionNode = FALSE
	EndGlobalSection
	GlobalSection(ExtensibilityGlobals) = postSolution
		SolutionGuid = {6C89F678-68BB-4935-A32B-0B9B5A7A4199}
	EndGlobalSection
EndGlobal
