
Microsoft Visual Studio Solution File, Format Version 12.00
# Visual Studio Version 16
VisualStudioVersion = 16.0.31702.278
MinimumVisualStudioVersion = 10.0.40219.1
Project("{8BC9CEB8-8B4A-11D0-8D11-00A0C91BC942}") = "lab6partA", "lab6partA.vcxproj", "{AF69C45C-16C5-4988-BFC0-0F89D2251270}"
EndProject
Global
	GlobalSection(SolutionConfigurationPlatforms) = preSolution
		Debug|x64 = Debug|x64
		Debug|x86 = Debug|x86
		Release|x64 = Release|x64
		Release|x86 = Release|x86
	EndGlobalSection
	GlobalSection(ProjectConfigurationPlatforms) = postSolution
		{AF69C45C-16C5-4988-BFC0-0F89D2251270}.Debug|x64.ActiveCfg = Debug|x64
		{AF69C45C-16C5-4988-BFC0-0F89D2251270}.Debug|x64.Build.0 = Debug|x64
		{AF69C45C-16C5-4988-BFC0-0F89D2251270}.Debug|x86.ActiveCfg = Debug|Win32
		{AF69C45C-16C5-4988-BFC0-0F89D2251270}.Debug|x86.Build.0 = Debug|Win32
		{AF69C45C-16C5-4988-BFC0-0F89D2251270}.Release|x64.ActiveCfg = Release|x64
		{AF69C45C-16C5-4988-BFC0-0F89D2251270}.Release|x64.Build.0 = Release|x64
		{AF69C45C-16C5-4988-BFC0-0F89D2251270}.Release|x86.ActiveCfg = Release|Win32
		{AF69C45C-16C5-4988-BFC0-0F89D2251270}.Release|x86.Build.0 = Release|Win32
	EndGlobalSection
	GlobalSection(SolutionProperties) = preSolution
		HideSolutionNode = FALSE
	EndGlobalSection
	GlobalSection(ExtensibilityGlobals) = postSolution
		SolutionGuid = {1EC9C6BC-153F-4273-9D84-5AD525685635}
	EndGlobalSection
EndGlobal
